
Microsoft Visual Studio Solution File, Format Version 12.00
# Visual Studio Version 16
VisualStudioVersion = 16.0.31129.286
MinimumVisualStudioVersion = 10.0.40219.1
Project("{FAE04EC0-301F-11D3-BF4B-00C04F79EFBC}") = "HackerNews_Angular_Project", "HackerNews_Angular_Project.csproj", "{E84AEF2A-506C-47E3-BA98-C9FF14808431}"
EndProject
Global
	GlobalSection(SolutionConfigurationPlatforms) = preSolution
		Debug|Any CPU = Debug|Any CPU
		Release|Any CPU = Release|Any CPU
	EndGlobalSection
	GlobalSection(ProjectConfigurationPlatforms) = postSolution
		{E84AEF2A-506C-47E3-BA98-C9FF14808431}.Debug|Any CPU.ActiveCfg = Debug|Any CPU
		{E84AEF2A-506C-47E3-BA98-C9FF14808431}.Debug|Any CPU.Build.0 = Debug|Any CPU
		{E84AEF2A-506C-47E3-BA98-C9FF14808431}.Release|Any CPU.ActiveCfg = Release|Any CPU
		{E84AEF2A-506C-47E3-BA98-C9FF14808431}.Release|Any CPU.Build.0 = Release|Any CPU
	EndGlobalSection
	GlobalSection(SolutionProperties) = preSolution
		HideSolutionNode = FALSE
	EndGlobalSection
	GlobalSection(ExtensibilityGlobals) = postSolution
		SolutionGuid = {B5155D0B-9522-488D-AF6B-D6DFB5E73B40}
	EndGlobalSection
EndGlobal
